
Microsoft Visual Studio Solution File, Format Version 12.00
# Visual Studio 14
VisualStudioVersion = 14.0.25123.0
MinimumVisualStudioVersion = 10.0.40219.1
Project("{D954291E-2A0B-460D-934E-DC6B0785DB48}") = "Family-tree", "Family-tree\Family-tree.shproj", "{FE82B3EF-CE05-4D8A-A0F6-ABD976835923}"
EndProject
Global
	GlobalSection(SharedMSBuildProjectFiles) = preSolution
		Family-tree\Family-tree.projitems*{fe82b3ef-ce05-4d8a-a0f6-abd976835923}*SharedItemsImports = 13
	EndGlobalSection
	GlobalSection(SolutionProperties) = preSolution
		HideSolutionNode = FALSE
	EndGlobalSection
EndGlobal
